// !$*UTF8*$!
{
	archiveVersion = 1;
	classes = {
	};
	objectVersion = 46;
	objects = {

/* Begin PBXBuildFile section */
		242833E01D0D808800C289CD /* MovieListCell.swift in Sources */ = {isa = PBXBuildFile; fileRef = 242833DF1D0D808800C289CD /* MovieListCell.swift */; };
		242833E21D0D81DA00C289CD /* MovieDetailViewController.swift in Sources */ = {isa = PBXBuildFile; fileRef = 242833E11D0D81DA00C289CD /* MovieDetailViewController.swift */; };
		242833E61D0D82B700C289CD /* MovieDetailHeaderCell.swift in Sources */ = {isa = PBXBuildFile; fileRef = 242833E51D0D82B700C289CD /* MovieDetailHeaderCell.swift */; };
		242833E81D0D82D000C289CD /* MovieDetailDescriptionCell.swift in Sources */ = {isa = PBXBuildFile; fileRef = 242833E71D0D82D000C289CD /* MovieDetailDescriptionCell.swift */; };
		245AD5161D0D5CD90071C34A /* Camera-Obscura.xcdatamodeld in Sources */ = {isa = PBXBuildFile; fileRef = 245AD5141D0D5CD90071C34A /* Camera-Obscura.xcdatamodeld */; };
		245AD51A1D0D5DF20071C34A /* Movie+CoreDataProperties.swift in Sources */ = {isa = PBXBuildFile; fileRef = 245AD5181D0D5DF20071C34A /* Movie+CoreDataProperties.swift */; };
		245AD51B1D0D5DF20071C34A /* Movie.swift in Sources */ = {isa = PBXBuildFile; fileRef = 245AD5191D0D5DF20071C34A /* Movie.swift */; };
		245AD51E1D0D5E180071C34A /* PersistenceManager.swift in Sources */ = {isa = PBXBuildFile; fileRef = 245AD51D1D0D5E180071C34A /* PersistenceManager.swift */; };
		245AD5201D0D5E200071C34A /* RequestManager.swift in Sources */ = {isa = PBXBuildFile; fileRef = 245AD51F1D0D5E200071C34A /* RequestManager.swift */; };
		245AD5231D0D61C90071C34A /* AppConstants.swift in Sources */ = {isa = PBXBuildFile; fileRef = 245AD5221D0D61C90071C34A /* AppConstants.swift */; };
		245AD5251D0D61D70071C34A /* AppURLRoutes.swift in Sources */ = {isa = PBXBuildFile; fileRef = 245AD5241D0D61D70071C34A /* AppURLRoutes.swift */; };
		249B67271D0D90C100680525 /* AppColors.swift in Sources */ = {isa = PBXBuildFile; fileRef = 249B67261D0D90C100680525 /* AppColors.swift */; };
		249B672B1D0D919100680525 /* Localizable.strings in Resources */ = {isa = PBXBuildFile; fileRef = 249B67291D0D919100680525 /* Localizable.strings */; };
		249B672E1D0D94F400680525 /* LoadingIndicator.swift in Sources */ = {isa = PBXBuildFile; fileRef = 249B672D1D0D94F400680525 /* LoadingIndicator.swift */; };
		24EBF2431D0D58C5000529F5 /* AppDelegate.swift in Sources */ = {isa = PBXBuildFile; fileRef = 24EBF2421D0D58C5000529F5 /* AppDelegate.swift */; };
		24EBF2451D0D58C5000529F5 /* MovieListViewController.swift in Sources */ = {isa = PBXBuildFile; fileRef = 24EBF2441D0D58C5000529F5 /* MovieListViewController.swift */; };
		24EBF2481D0D58C5000529F5 /* Main.storyboard in Resources */ = {isa = PBXBuildFile; fileRef = 24EBF2461D0D58C5000529F5 /* Main.storyboard */; };
		24EBF24A1D0D58C5000529F5 /* Assets.xcassets in Resources */ = {isa = PBXBuildFile; fileRef = 24EBF2491D0D58C5000529F5 /* Assets.xcassets */; };
		24EBF24D1D0D58C5000529F5 /* LaunchScreen.storyboard in Resources */ = {isa = PBXBuildFile; fileRef = 24EBF24B1D0D58C5000529F5 /* LaunchScreen.storyboard */; };
		5D2C80E745DD28638E773CC3 /* Pods_Camera_Obscura.framework in Frameworks */ = {isa = PBXBuildFile; fileRef = 09CB2F8DCAFFA88DD8E2D9D5 /* Pods_Camera_Obscura.framework */; };
/* End PBXBuildFile section */

/* Begin PBXFileReference section */
		09CB2F8DCAFFA88DD8E2D9D5 /* Pods_Camera_Obscura.framework */ = {isa = PBXFileReference; explicitFileType = wrapper.framework; includeInIndex = 0; path = Pods_Camera_Obscura.framework; sourceTree = BUILT_PRODUCTS_DIR; };
		101EBC2F213353CA0898D09C /* Pods-Camera Obscura.release.xcconfig */ = {isa = PBXFileReference; includeInIndex = 1; lastKnownFileType = text.xcconfig; name = "Pods-Camera Obscura.release.xcconfig"; path = "Pods/Target Support Files/Pods-Camera Obscura/Pods-Camera Obscura.release.xcconfig"; sourceTree = "<group>"; };
		242833DF1D0D808800C289CD /* MovieListCell.swift */ = {isa = PBXFileReference; fileEncoding = 4; lastKnownFileType = sourcecode.swift; name = MovieListCell.swift; path = Classes/Views/MovieListCells/MovieListCell.swift; sourceTree = "<group>"; };
		242833E11D0D81DA00C289CD /* MovieDetailViewController.swift */ = {isa = PBXFileReference; fileEncoding = 4; lastKnownFileType = sourcecode.swift; name = MovieDetailViewController.swift; path = Classes/Controllers/MovieDetailViewController.swift; sourceTree = "<group>"; };
		242833E51D0D82B700C289CD /* MovieDetailHeaderCell.swift */ = {isa = PBXFileReference; fileEncoding = 4; lastKnownFileType = sourcecode.swift; name = MovieDetailHeaderCell.swift; path = Classes/Views/MovieDetailCells/MovieDetailHeaderCell.swift; sourceTree = "<group>"; };
		242833E71D0D82D000C289CD /* MovieDetailDescriptionCell.swift */ = {isa = PBXFileReference; fileEncoding = 4; lastKnownFileType = sourcecode.swift; name = MovieDetailDescriptionCell.swift; path = Classes/Views/MovieDetailCells/MovieDetailDescriptionCell.swift; sourceTree = "<group>"; };
		245AD5151D0D5CD90071C34A /* Camera-Obscura.xcdatamodel */ = {isa = PBXFileReference; lastKnownFileType = wrapper.xcdatamodel; path = "Camera-Obscura.xcdatamodel"; sourceTree = "<group>"; };
		245AD5181D0D5DF20071C34A /* Movie+CoreDataProperties.swift */ = {isa = PBXFileReference; fileEncoding = 4; lastKnownFileType = sourcecode.swift; name = "Movie+CoreDataProperties.swift"; path = "Classes/Models/Movie+CoreDataProperties.swift"; sourceTree = "<group>"; };
		245AD5191D0D5DF20071C34A /* Movie.swift */ = {isa = PBXFileReference; fileEncoding = 4; lastKnownFileType = sourcecode.swift; name = Movie.swift; path = Classes/Models/Movie.swift; sourceTree = "<group>"; };
		245AD51D1D0D5E180071C34A /* PersistenceManager.swift */ = {isa = PBXFileReference; fileEncoding = 4; lastKnownFileType = sourcecode.swift; name = PersistenceManager.swift; path = Classes/Managers/PersistenceManager.swift; sourceTree = "<group>"; };
		245AD51F1D0D5E200071C34A /* RequestManager.swift */ = {isa = PBXFileReference; fileEncoding = 4; lastKnownFileType = sourcecode.swift; name = RequestManager.swift; path = Classes/Managers/RequestManager.swift; sourceTree = "<group>"; };
		245AD5221D0D61C90071C34A /* AppConstants.swift */ = {isa = PBXFileReference; fileEncoding = 4; lastKnownFileType = sourcecode.swift; name = AppConstants.swift; path = Classes/Structs/AppConstants.swift; sourceTree = "<group>"; };
		245AD5241D0D61D70071C34A /* AppURLRoutes.swift */ = {isa = PBXFileReference; fileEncoding = 4; lastKnownFileType = sourcecode.swift; name = AppURLRoutes.swift; path = Classes/Structs/AppURLRoutes.swift; sourceTree = "<group>"; };
		249B67261D0D90C100680525 /* AppColors.swift */ = {isa = PBXFileReference; fileEncoding = 4; lastKnownFileType = sourcecode.swift; name = AppColors.swift; path = Classes/Structs/AppColors.swift; sourceTree = "<group>"; };
		249B672A1D0D919100680525 /* en */ = {isa = PBXFileReference; lastKnownFileType = text.plist.strings; name = en; path = en.lproj/Localizable.strings; sourceTree = "<group>"; };
		249B672D1D0D94F400680525 /* LoadingIndicator.swift */ = {isa = PBXFileReference; fileEncoding = 4; lastKnownFileType = sourcecode.swift; name = LoadingIndicator.swift; path = Classes/Views/LoadingIndicator/LoadingIndicator.swift; sourceTree = "<group>"; };
		24EBF23F1D0D58C4000529F5 /* Camera Obscura.app */ = {isa = PBXFileReference; explicitFileType = wrapper.application; includeInIndex = 0; path = "Camera Obscura.app"; sourceTree = BUILT_PRODUCTS_DIR; };
		24EBF2421D0D58C5000529F5 /* AppDelegate.swift */ = {isa = PBXFileReference; lastKnownFileType = sourcecode.swift; path = AppDelegate.swift; sourceTree = "<group>"; };
		24EBF2441D0D58C5000529F5 /* MovieListViewController.swift */ = {isa = PBXFileReference; lastKnownFileType = sourcecode.swift; name = MovieListViewController.swift; path = Classes/Controllers/MovieListViewController.swift; sourceTree = "<group>"; };
		24EBF2471D0D58C5000529F5 /* Base */ = {isa = PBXFileReference; lastKnownFileType = file.storyboard; name = Base; path = Base.lproj/Main.storyboard; sourceTree = "<group>"; };
		24EBF2491D0D58C5000529F5 /* Assets.xcassets */ = {isa = PBXFileReference; lastKnownFileType = folder.assetcatalog; path = Assets.xcassets; sourceTree = "<group>"; };
		24EBF24C1D0D58C5000529F5 /* Base */ = {isa = PBXFileReference; lastKnownFileType = file.storyboard; name = Base; path = Base.lproj/LaunchScreen.storyboard; sourceTree = "<group>"; };
		24EBF24E1D0D58C5000529F5 /* Info.plist */ = {isa = PBXFileReference; lastKnownFileType = text.plist.xml; path = Info.plist; sourceTree = "<group>"; };
		FE735FFA8F248A1F43B9B0D8 /* Pods-Camera Obscura.debug.xcconfig */ = {isa = PBXFileReference; includeInIndex = 1; lastKnownFileType = text.xcconfig; name = "Pods-Camera Obscura.debug.xcconfig"; path = "Pods/Target Support Files/Pods-Camera Obscura/Pods-Camera Obscura.debug.xcconfig"; sourceTree = "<group>"; };
/* End PBXFileReference section */

/* Begin PBXFrameworksBuildPhase section */
		24EBF23C1D0D58C4000529F5 /* Frameworks */ = {
			isa = PBXFrameworksBuildPhase;
			buildActionMask = 2147483647;
			files = (
				5D2C80E745DD28638E773CC3 /* Pods_Camera_Obscura.framework in Frameworks */,
			);
			runOnlyForDeploymentPostprocessing = 0;
		};
/* End PBXFrameworksBuildPhase section */

/* Begin PBXGroup section */
		1322D8207D4C0EBAEF610F35 /* Frameworks */ = {
			isa = PBXGroup;
			children = (
				09CB2F8DCAFFA88DD8E2D9D5 /* Pods_Camera_Obscura.framework */,
			);
			name = Frameworks;
			sourceTree = "<group>";
		};
		242833E31D0D829500C289CD /* MovieListCells */ = {
			isa = PBXGroup;
			children = (
				242833DF1D0D808800C289CD /* MovieListCell.swift */,
			);
			name = MovieListCells;
			sourceTree = "<group>";
		};
		242833E41D0D829A00C289CD /* MovieDetailCells */ = {
			isa = PBXGroup;
			children = (
				242833E51D0D82B700C289CD /* MovieDetailHeaderCell.swift */,
				242833E71D0D82D000C289CD /* MovieDetailDescriptionCell.swift */,
			);
			name = MovieDetailCells;
			sourceTree = "<group>";
		};
		245AD5101D0D5C880071C34A /* Models */ = {
			isa = PBXGroup;
			children = (
				245AD5171D0D5DEC0071C34A /* Movie */,
				245AD5141D0D5CD90071C34A /* Camera-Obscura.xcdatamodeld */,
			);
			name = Models;
			sourceTree = "<group>";
		};
		245AD5171D0D5DEC0071C34A /* Movie */ = {
			isa = PBXGroup;
			children = (
				245AD5181D0D5DF20071C34A /* Movie+CoreDataProperties.swift */,
				245AD5191D0D5DF20071C34A /* Movie.swift */,
			);
			name = Movie;
			sourceTree = "<group>";
		};
		245AD51C1D0D5E020071C34A /* Managers */ = {
			isa = PBXGroup;
			children = (
				245AD51D1D0D5E180071C34A /* PersistenceManager.swift */,
				245AD51F1D0D5E200071C34A /* RequestManager.swift */,
			);
			name = Managers;
			sourceTree = "<group>";
		};
		245AD5211D0D61BB0071C34A /* Structs */ = {
			isa = PBXGroup;
			children = (
				245AD5221D0D61C90071C34A /* AppConstants.swift */,
				245AD5241D0D61D70071C34A /* AppURLRoutes.swift */,
				249B67261D0D90C100680525 /* AppColors.swift */,
			);
			name = Structs;
			sourceTree = "<group>";
		};
		245AD5291D0D71940071C34A /* Factories */ = {
			isa = PBXGroup;
			children = (
			);
			name = Factories;
			sourceTree = "<group>";
		};
		249B67281D0D917500680525 /* Localizations */ = {
			isa = PBXGroup;
			children = (
				249B67291D0D919100680525 /* Localizable.strings */,
			);
			name = Localizations;
			sourceTree = "<group>";
		};
		249B672C1D0D94CE00680525 /* LoadingIndicator */ = {
			isa = PBXGroup;
			children = (
				249B672D1D0D94F400680525 /* LoadingIndicator.swift */,
			);
			name = LoadingIndicator;
			sourceTree = "<group>";
		};
		24EBF2361D0D58C4000529F5 = {
			isa = PBXGroup;
			children = (
				24EBF2411D0D58C5000529F5 /* Camera Obscura */,
				24EBF2401D0D58C4000529F5 /* Products */,
				7A8DD5E411551E6499D0CC98 /* Pods */,
				1322D8207D4C0EBAEF610F35 /* Frameworks */,
			);
			sourceTree = "<group>";
		};
		24EBF2401D0D58C4000529F5 /* Products */ = {
			isa = PBXGroup;
			children = (
				24EBF23F1D0D58C4000529F5 /* Camera Obscura.app */,
			);
			name = Products;
			sourceTree = "<group>";
		};
		24EBF2411D0D58C5000529F5 /* Camera Obscura */ = {
			isa = PBXGroup;
			children = (
				24EBF2551D0D58E9000529F5 /* Classes */,
				24EBF2581D0D5902000529F5 /* Supporting Files */,
			);
			path = "Camera Obscura";
			sourceTree = "<group>";
		};
		24EBF2541D0D58D7000529F5 /* Storyboards */ = {
			isa = PBXGroup;
			children = (
				24EBF2461D0D58C5000529F5 /* Main.storyboard */,
				24EBF24B1D0D58C5000529F5 /* LaunchScreen.storyboard */,
			);
			name = Storyboards;
			sourceTree = "<group>";
		};
		24EBF2551D0D58E9000529F5 /* Classes */ = {
			isa = PBXGroup;
			children = (
				249B67281D0D917500680525 /* Localizations */,
				245AD5291D0D71940071C34A /* Factories */,
				245AD5211D0D61BB0071C34A /* Structs */,
				245AD5101D0D5C880071C34A /* Models */,
				24EBF2571D0D58FC000529F5 /* Views */,
				245AD51C1D0D5E020071C34A /* Managers */,
				24EBF2561D0D58EE000529F5 /* Controllers */,
				24EBF2541D0D58D7000529F5 /* Storyboards */,
			);
			name = Classes;
			sourceTree = "<group>";
		};
		24EBF2561D0D58EE000529F5 /* Controllers */ = {
			isa = PBXGroup;
			children = (
				24EBF2441D0D58C5000529F5 /* MovieListViewController.swift */,
				242833E11D0D81DA00C289CD /* MovieDetailViewController.swift */,
			);
			name = Controllers;
			sourceTree = "<group>";
		};
		24EBF2571D0D58FC000529F5 /* Views */ = {
			isa = PBXGroup;
			children = (
				249B672C1D0D94CE00680525 /* LoadingIndicator */,
				242833E41D0D829A00C289CD /* MovieDetailCells */,
				242833E31D0D829500C289CD /* MovieListCells */,
			);
			name = Views;
			sourceTree = "<group>";
		};
		24EBF2581D0D5902000529F5 /* Supporting Files */ = {
			isa = PBXGroup;
			children = (
				24EBF2421D0D58C5000529F5 /* AppDelegate.swift */,
				24EBF2491D0D58C5000529F5 /* Assets.xcassets */,
				24EBF24E1D0D58C5000529F5 /* Info.plist */,
			);
			name = "Supporting Files";
			sourceTree = "<group>";
		};
		7A8DD5E411551E6499D0CC98 /* Pods */ = {
			isa = PBXGroup;
			children = (
				FE735FFA8F248A1F43B9B0D8 /* Pods-Camera Obscura.debug.xcconfig */,
				101EBC2F213353CA0898D09C /* Pods-Camera Obscura.release.xcconfig */,
			);
			name = Pods;
			sourceTree = "<group>";
		};
/* End PBXGroup section */

/* Begin PBXNativeTarget section */
		24EBF23E1D0D58C4000529F5 /* Camera Obscura */ = {
			isa = PBXNativeTarget;
			buildConfigurationList = 24EBF2511D0D58C5000529F5 /* Build configuration list for PBXNativeTarget "Camera Obscura" */;
			buildPhases = (
				DAFFDA4359F022851AEEF83F /* 📦 Check Pods Manifest.lock */,
				24EBF23B1D0D58C4000529F5 /* Sources */,
				24EBF23C1D0D58C4000529F5 /* Frameworks */,
				24EBF23D1D0D58C4000529F5 /* Resources */,
				E4763581673C24EB610D8B35 /* 📦 Embed Pods Frameworks */,
				7079DD2B289EAF76DFD78C4B /* 📦 Copy Pods Resources */,
			);
			buildRules = (
			);
			dependencies = (
			);
			name = "Camera Obscura";
			productName = "Camera Obscura";
			productReference = 24EBF23F1D0D58C4000529F5 /* Camera Obscura.app */;
			productType = "com.apple.product-type.application";
		};
/* End PBXNativeTarget section */

/* Begin PBXProject section */
		24EBF2371D0D58C4000529F5 /* Project object */ = {
			isa = PBXProject;
			attributes = {
				LastSwiftUpdateCheck = 0730;
				LastUpgradeCheck = 0730;
				ORGANIZATIONNAME = Root;
				TargetAttributes = {
					24EBF23E1D0D58C4000529F5 = {
						CreatedOnToolsVersion = 7.3.1;
					};
				};
			};
			buildConfigurationList = 24EBF23A1D0D58C4000529F5 /* Build configuration list for PBXProject "Camera Obscura" */;
			compatibilityVersion = "Xcode 3.2";
			developmentRegion = English;
			hasScannedForEncodings = 0;
			knownRegions = (
				en,
				Base,
			);
			mainGroup = 24EBF2361D0D58C4000529F5;
			productRefGroup = 24EBF2401D0D58C4000529F5 /* Products */;
			projectDirPath = "";
			projectRoot = "";
			targets = (
				24EBF23E1D0D58C4000529F5 /* Camera Obscura */,
			);
		};
/* End PBXProject section */

/* Begin PBXResourcesBuildPhase section */
		24EBF23D1D0D58C4000529F5 /* Resources */ = {
			isa = PBXResourcesBuildPhase;
			buildActionMask = 2147483647;
			files = (
				24EBF24D1D0D58C5000529F5 /* LaunchScreen.storyboard in Resources */,
				249B672B1D0D919100680525 /* Localizable.strings in Resources */,
				24EBF24A1D0D58C5000529F5 /* Assets.xcassets in Resources */,
				24EBF2481D0D58C5000529F5 /* Main.storyboard in Resources */,
			);
			runOnlyForDeploymentPostprocessing = 0;
		};
/* End PBXResourcesBuildPhase section */

/* Begin PBXShellScriptBuildPhase section */
		7079DD2B289EAF76DFD78C4B /* 📦 Copy Pods Resources */ = {
			isa = PBXShellScriptBuildPhase;
			buildActionMask = 2147483647;
			files = (
			);
			inputPaths = (
			);
			name = "📦 Copy Pods Resources";
			outputPaths = (
			);
			runOnlyForDeploymentPostprocessing = 0;
			shellPath = /bin/sh;
			shellScript = "\"${SRCROOT}/Pods/Target Support Files/Pods-Camera Obscura/Pods-Camera Obscura-resources.sh\"\n";
			showEnvVarsInLog = 0;
		};
		DAFFDA4359F022851AEEF83F /* 📦 Check Pods Manifest.lock */ = {
			isa = PBXShellScriptBuildPhase;
			buildActionMask = 2147483647;
			files = (
			);
			inputPaths = (
			);
			name = "📦 Check Pods Manifest.lock";
			outputPaths = (
			);
			runOnlyForDeploymentPostprocessing = 0;
			shellPath = /bin/sh;
			shellScript = "diff \"${PODS_ROOT}/../Podfile.lock\" \"${PODS_ROOT}/Manifest.lock\" > /dev/null\nif [[ $? != 0 ]] ; then\n    cat << EOM\nerror: The sandbox is not in sync with the Podfile.lock. Run 'pod install' or update your CocoaPods installation.\nEOM\n    exit 1\nfi\n";
			showEnvVarsInLog = 0;
		};
		E4763581673C24EB610D8B35 /* 📦 Embed Pods Frameworks */ = {
			isa = PBXShellScriptBuildPhase;
			buildActionMask = 2147483647;
			files = (
			);
			inputPaths = (
			);
			name = "📦 Embed Pods Frameworks";
			outputPaths = (
			);
			runOnlyForDeploymentPostprocessing = 0;
			shellPath = /bin/sh;
			shellScript = "\"${SRCROOT}/Pods/Target Support Files/Pods-Camera Obscura/Pods-Camera Obscura-frameworks.sh\"\n";
			showEnvVarsInLog = 0;
		};
/* End PBXShellScriptBuildPhase section */

/* Begin PBXSourcesBuildPhase section */
		24EBF23B1D0D58C4000529F5 /* Sources */ = {
			isa = PBXSourcesBuildPhase;
			buildActionMask = 2147483647;
			files = (
				242833E01D0D808800C289CD /* MovieListCell.swift in Sources */,
				245AD5251D0D61D70071C34A /* AppURLRoutes.swift in Sources */,
				245AD51A1D0D5DF20071C34A /* Movie+CoreDataProperties.swift in Sources */,
				24EBF2451D0D58C5000529F5 /* MovieListViewController.swift in Sources */,
				24EBF2431D0D58C5000529F5 /* AppDelegate.swift in Sources */,
				245AD5231D0D61C90071C34A /* AppConstants.swift in Sources */,
				245AD51E1D0D5E180071C34A /* PersistenceManager.swift in Sources */,
				249B672E1D0D94F400680525 /* LoadingIndicator.swift in Sources */,
				242833E81D0D82D000C289CD /* MovieDetailDescriptionCell.swift in Sources */,
				245AD5201D0D5E200071C34A /* RequestManager.swift in Sources */,
				245AD5161D0D5CD90071C34A /* Camera-Obscura.xcdatamodeld in Sources */,
				242833E21D0D81DA00C289CD /* MovieDetailViewController.swift in Sources */,
				249B67271D0D90C100680525 /* AppColors.swift in Sources */,
				242833E61D0D82B700C289CD /* MovieDetailHeaderCell.swift in Sources */,
				245AD51B1D0D5DF20071C34A /* Movie.swift in Sources */,
			);
			runOnlyForDeploymentPostprocessing = 0;
		};
/* End PBXSourcesBuildPhase section */

/* Begin PBXVariantGroup section */
		249B67291D0D919100680525 /* Localizable.strings */ = {
			isa = PBXVariantGroup;
			children = (
				249B672A1D0D919100680525 /* en */,
			);
			name = Localizable.strings;
			sourceTree = "<group>";
		};
		24EBF2461D0D58C5000529F5 /* Main.storyboard */ = {
			isa = PBXVariantGroup;
			children = (
				24EBF2471D0D58C5000529F5 /* Base */,
			);
			name = Main.storyboard;
			sourceTree = "<group>";
		};
		24EBF24B1D0D58C5000529F5 /* LaunchScreen.storyboard */ = {
			isa = PBXVariantGroup;
			children = (
				24EBF24C1D0D58C5000529F5 /* Base */,
			);
			name = LaunchScreen.storyboard;
			sourceTree = "<group>";
		};
/* End PBXVariantGroup section */

/* Begin XCBuildConfiguration section */
		24EBF24F1D0D58C5000529F5 /* Debug */ = {
			isa = XCBuildConfiguration;
			buildSettings = {
				ALWAYS_SEARCH_USER_PATHS = NO;
				CLANG_ANALYZER_NONNULL = YES;
				CLANG_CXX_LANGUAGE_STANDARD = "gnu++0x";
				CLANG_CXX_LIBRARY = "libc++";
				CLANG_ENABLE_MODULES = YES;
				CLANG_ENABLE_OBJC_ARC = YES;
				CLANG_WARN_BOOL_CONVERSION = YES;
				CLANG_WARN_CONSTANT_CONVERSION = YES;
				CLANG_WARN_DIRECT_OBJC_ISA_USAGE = YES_ERROR;
				CLANG_WARN_EMPTY_BODY = YES;
				CLANG_WARN_ENUM_CONVERSION = YES;
				CLANG_WARN_INT_CONVERSION = YES;
				CLANG_WARN_OBJC_ROOT_CLASS = YES_ERROR;
				CLANG_WARN_UNREACHABLE_CODE = YES;
				CLANG_WARN__DUPLICATE_METHOD_MATCH = YES;
				"CODE_SIGN_IDENTITY[sdk=iphoneos*]" = "iPhone Developer";
				COPY_PHASE_STRIP = NO;
				DEBUG_INFORMATION_FORMAT = dwarf;
				ENABLE_STRICT_OBJC_MSGSEND = YES;
				ENABLE_TESTABILITY = YES;
				GCC_C_LANGUAGE_STANDARD = gnu99;
				GCC_DYNAMIC_NO_PIC = NO;
				GCC_NO_COMMON_BLOCKS = YES;
				GCC_OPTIMIZATION_LEVEL = 0;
				GCC_PREPROCESSOR_DEFINITIONS = (
					"DEBUG=1",
					"$(inherited)",
				);
				GCC_WARN_64_TO_32_BIT_CONVERSION = YES;
				GCC_WARN_ABOUT_RETURN_TYPE = YES_ERROR;
				GCC_WARN_UNDECLARED_SELECTOR = YES;
				GCC_WARN_UNINITIALIZED_AUTOS = YES_AGGRESSIVE;
				GCC_WARN_UNUSED_FUNCTION = YES;
				GCC_WARN_UNUSED_VARIABLE = YES;
				IPHONEOS_DEPLOYMENT_TARGET = 9.3;
				MTL_ENABLE_DEBUG_INFO = YES;
				ONLY_ACTIVE_ARCH = YES;
				SDKROOT = iphoneos;
				SWIFT_OPTIMIZATION_LEVEL = "-Onone";
			};
			name = Debug;
		};
		24EBF2501D0D58C5000529F5 /* Release */ = {
			isa = XCBuildConfiguration;
			buildSettings = {
				ALWAYS_SEARCH_USER_PATHS = NO;
				CLANG_ANALYZER_NONNULL = YES;
				CLANG_CXX_LANGUAGE_STANDARD = "gnu++0x";
				CLANG_CXX_LIBRARY = "libc++";
				CLANG_ENABLE_MODULES = YES;
				CLANG_ENABLE_OBJC_ARC = YES;
				CLANG_WARN_BOOL_CONVERSION = YES;
				CLANG_WARN_CONSTANT_CONVERSION = YES;
				CLANG_WARN_DIRECT_OBJC_ISA_USAGE = YES_ERROR;
				CLANG_WARN_EMPTY_BODY = YES;
				CLANG_WARN_ENUM_CONVERSION = YES;
				CLANG_WARN_INT_CONVERSION = YES;
				CLANG_WARN_OBJC_ROOT_CLASS = YES_ERROR;
				CLANG_WARN_UNREACHABLE_CODE = YES;
				CLANG_WARN__DUPLICATE_METHOD_MATCH = YES;
				"CODE_SIGN_IDENTITY[sdk=iphoneos*]" = "iPhone Developer";
				COPY_PHASE_STRIP = NO;
				DEBUG_INFORMATION_FORMAT = "dwarf-with-dsym";
				ENABLE_NS_ASSERTIONS = NO;
				ENABLE_STRICT_OBJC_MSGSEND = YES;
				GCC_C_LANGUAGE_STANDARD = gnu99;
				GCC_NO_COMMON_BLOCKS = YES;
				GCC_WARN_64_TO_32_BIT_CONVERSION = YES;
				GCC_WARN_ABOUT_RETURN_TYPE = YES_ERROR;
				GCC_WARN_UNDECLARED_SELECTOR = YES;
				GCC_WARN_UNINITIALIZED_AUTOS = YES_AGGRESSIVE;
				GCC_WARN_UNUSED_FUNCTION = YES;
				GCC_WARN_UNUSED_VARIABLE = YES;
				IPHONEOS_DEPLOYMENT_TARGET = 9.3;
				MTL_ENABLE_DEBUG_INFO = NO;
				SDKROOT = iphoneos;
				VALIDATE_PRODUCT = YES;
			};
			name = Release;
		};
		24EBF2521D0D58C5000529F5 /* Debug */ = {
			isa = XCBuildConfiguration;
			baseConfigurationReference = FE735FFA8F248A1F43B9B0D8 /* Pods-Camera Obscura.debug.xcconfig */;
			buildSettings = {
				ASSETCATALOG_COMPILER_APPICON_NAME = AppIcon;
				INFOPLIST_FILE = "Camera Obscura/Info.plist";
				IPHONEOS_DEPLOYMENT_TARGET = 8.0;
				LD_RUNPATH_SEARCH_PATHS = "$(inherited) @executable_path/Frameworks";
				PRODUCT_BUNDLE_IDENTIFIER = "com.root.Camera-Obscura";
				PRODUCT_NAME = "$(TARGET_NAME)";
			};
			name = Debug;
		};
		24EBF2531D0D58C5000529F5 /* Release */ = {
			isa = XCBuildConfiguration;
			baseConfigurationReference = 101EBC2F213353CA0898D09C /* Pods-Camera Obscura.release.xcconfig */;
			buildSettings = {
				ASSETCATALOG_COMPILER_APPICON_NAME = AppIcon;
				INFOPLIST_FILE = "Camera Obscura/Info.plist";
				IPHONEOS_DEPLOYMENT_TARGET = 8.0;
				LD_RUNPATH_SEARCH_PATHS = "$(inherited) @executable_path/Frameworks";
				PRODUCT_BUNDLE_IDENTIFIER = "com.root.Camera-Obscura";
				PRODUCT_NAME = "$(TARGET_NAME)";
			};
			name = Release;
		};
/* End XCBuildConfiguration section */

/* Begin XCConfigurationList section */
		24EBF23A1D0D58C4000529F5 /* Build configuration list for PBXProject "Camera Obscura" */ = {
			isa = XCConfigurationList;
			buildConfigurations = (
				24EBF24F1D0D58C5000529F5 /* Debug */,
				24EBF2501D0D58C5000529F5 /* Release */,
			);
			defaultConfigurationIsVisible = 0;
			defaultConfigurationName = Release;
		};
		24EBF2511D0D58C5000529F5 /* Build configuration list for PBXNativeTarget "Camera Obscura" */ = {
			isa = XCConfigurationList;
			buildConfigurations = (
				24EBF2521D0D58C5000529F5 /* Debug */,
				24EBF2531D0D58C5000529F5 /* Release */,
			);
			defaultConfigurationIsVisible = 0;
			defaultConfigurationName = Release;
		};
/* End XCConfigurationList section */

/* Begin XCVersionGroup section */
		245AD5141D0D5CD90071C34A /* Camera-Obscura.xcdatamodeld */ = {
			isa = XCVersionGroup;
			children = (
				245AD5151D0D5CD90071C34A /* Camera-Obscura.xcdatamodel */,
			);
			currentVersion = 245AD5151D0D5CD90071C34A /* Camera-Obscura.xcdatamodel */;
			name = "Camera-Obscura.xcdatamodeld";
			path = "Classes/Models/Camera-Obscura.xcdatamodeld";
			sourceTree = "<group>";
			versionGroupType = wrapper.xcdatamodel;
		};
/* End XCVersionGroup section */
	};
	rootObject = 24EBF2371D0D58C4000529F5 /* Project object */;
}
